
Microsoft Visual Studio Solution File, Format Version 12.00
# Visual Studio 15
VisualStudioVersion = 15.0.27130.2010
MinimumVisualStudioVersion = 14.0.23107.0
Project("{2150E333-8FDC-42A3-9474-1A3956D46DE8}") = "Solution Items", "Solution Items", "{C21F0FD5-E485-4EFC-A891-5F4297C5A354}"
	ProjectSection(SolutionItems) = preProject
		.gitignore = .gitignore
		GitVersionConfig.yaml = GitVersionConfig.yaml
		README.md = README.md
	EndProjectSection
EndProject
Project("{9A19103F-16F7-4668-BE54-9A1E7A4F7556}") = "dotnet-coveralls.Tests", "test\dotnet-coveralls.Tests\dotnet-coveralls.Tests.csproj", "{E839B336-A92B-4712-A586-C30786DE9790}"
EndProject
Project("{9A19103F-16F7-4668-BE54-9A1E7A4F7556}") = "dotnet-coveralls", "src\dotnet-coveralls\dotnet-coveralls.csproj", "{60E33D25-89E9-4D8D-8096-1D2DC227D5B7}"
EndProject
Global
	GlobalSection(SolutionConfigurationPlatforms) = preSolution
		Debug|Any CPU = Debug|Any CPU
		Release|Any CPU = Release|Any CPU
	EndGlobalSection
	GlobalSection(ProjectConfigurationPlatforms) = postSolution
		{E839B336-A92B-4712-A586-C30786DE9790}.Debug|Any CPU.ActiveCfg = Debug|Any CPU
		{E839B336-A92B-4712-A586-C30786DE9790}.Debug|Any CPU.Build.0 = Debug|Any CPU
		{E839B336-A92B-4712-A586-C30786DE9790}.Release|Any CPU.ActiveCfg = Release|Any CPU
		{E839B336-A92B-4712-A586-C30786DE9790}.Release|Any CPU.Build.0 = Release|Any CPU
		{60E33D25-89E9-4D8D-8096-1D2DC227D5B7}.Debug|Any CPU.ActiveCfg = Debug|Any CPU
		{60E33D25-89E9-4D8D-8096-1D2DC227D5B7}.Debug|Any CPU.Build.0 = Debug|Any CPU
		{60E33D25-89E9-4D8D-8096-1D2DC227D5B7}.Release|Any CPU.ActiveCfg = Release|Any CPU
		{60E33D25-89E9-4D8D-8096-1D2DC227D5B7}.Release|Any CPU.Build.0 = Release|Any CPU
	EndGlobalSection
	GlobalSection(SolutionProperties) = preSolution
		HideSolutionNode = FALSE
	EndGlobalSection
	GlobalSection(ExtensibilityGlobals) = postSolution
		SolutionGuid = {B8C28AF3-9065-444F-B7F8-42DAB6B8D4E0}
	EndGlobalSection
EndGlobal
